
Microsoft Visual Studio Solution File, Format Version 12.00
# Visual Studio Version 16
VisualStudioVersion = 16.0.32106.194
MinimumVisualStudioVersion = 10.0.40219.1
Project("{D954291E-2A0B-460D-934E-DC6B0785DB48}") = "Platformer", "Platformer\Platformer.shproj", "{A0CDBD0E-3A41-42B7-9425-A838BC2C7383}"
EndProject
Project("{FAE04EC0-301F-11D3-BF4B-00C04F79EFBC}") = "Platformer.Android", "Platformer.Android\Platformer.Android.csproj", "{62175650-EB93-4283-B164-CAA34E7CD1EA}"
EndProject
Project("{FAE04EC0-301F-11D3-BF4B-00C04F79EFBC}") = "Platformer.Desktop", "Platformer.Desktop\Platformer.Desktop.csproj", "{828FCC64-2E00-420C-BCF7-9A88588A4FC8}"
EndProject
Project("{2150E333-8FDC-42A3-9474-1A3956D46DE8}") = "Solution Items", "Solution Items", "{D3A6130C-8DB0-40A2-B855-2CC363D487D5}"
	ProjectSection(SolutionItems) = preProject
		.editorconfig = .editorconfig
	EndProjectSection
EndProject
Global
	GlobalSection(SharedMSBuildProjectFiles) = preSolution
		Platformer\Platformer.projitems*{62175650-eb93-4283-b164-caa34e7cd1ea}*SharedItemsImports = 4
		Platformer\Platformer.projitems*{828fcc64-2e00-420c-bcf7-9a88588a4fc8}*SharedItemsImports = 5
		Platformer\Platformer.projitems*{a0cdbd0e-3a41-42b7-9425-a838bc2c7383}*SharedItemsImports = 13
	EndGlobalSection
	GlobalSection(SolutionConfigurationPlatforms) = preSolution
		Debug|Any CPU = Debug|Any CPU
		Release|Any CPU = Release|Any CPU
	EndGlobalSection
	GlobalSection(ProjectConfigurationPlatforms) = postSolution
		{62175650-EB93-4283-B164-CAA34E7CD1EA}.Debug|Any CPU.ActiveCfg = Debug|Any CPU
		{62175650-EB93-4283-B164-CAA34E7CD1EA}.Debug|Any CPU.Build.0 = Debug|Any CPU
		{62175650-EB93-4283-B164-CAA34E7CD1EA}.Debug|Any CPU.Deploy.0 = Debug|Any CPU
		{62175650-EB93-4283-B164-CAA34E7CD1EA}.Release|Any CPU.ActiveCfg = Release|Any CPU
		{62175650-EB93-4283-B164-CAA34E7CD1EA}.Release|Any CPU.Build.0 = Release|Any CPU
		{62175650-EB93-4283-B164-CAA34E7CD1EA}.Release|Any CPU.Deploy.0 = Release|Any CPU
		{828FCC64-2E00-420C-BCF7-9A88588A4FC8}.Debug|Any CPU.ActiveCfg = Debug|Any CPU
		{828FCC64-2E00-420C-BCF7-9A88588A4FC8}.Debug|Any CPU.Build.0 = Debug|Any CPU
		{828FCC64-2E00-420C-BCF7-9A88588A4FC8}.Release|Any CPU.ActiveCfg = Release|Any CPU
		{828FCC64-2E00-420C-BCF7-9A88588A4FC8}.Release|Any CPU.Build.0 = Release|Any CPU
	EndGlobalSection
	GlobalSection(SolutionProperties) = preSolution
		HideSolutionNode = FALSE
	EndGlobalSection
	GlobalSection(ExtensibilityGlobals) = postSolution
		SolutionGuid = {CD50EF00-9D8F-441B-9A9C-A2F78F393A89}
	EndGlobalSection
EndGlobal
